
Microsoft Visual Studio Solution File, Format Version 12.00
# Visual Studio Version 16
VisualStudioVersion = 16.0.30225.117
MinimumVisualStudioVersion = 10.0.40219.1
Project("{FAE04EC0-301F-11D3-BF4B-00C04F79EFBC}") = "GreenVsRed", "GreenVsRed\GreenVsRed.csproj", "{2D3166E2-84A0-41AA-9F08-78D6847D675F}"
EndProject
Global
	GlobalSection(SolutionConfigurationPlatforms) = preSolution
		Debug|Any CPU = Debug|Any CPU
		Release|Any CPU = Release|Any CPU
	EndGlobalSection
	GlobalSection(ProjectConfigurationPlatforms) = postSolution
		{2D3166E2-84A0-41AA-9F08-78D6847D675F}.Debug|Any CPU.ActiveCfg = Debug|Any CPU
		{2D3166E2-84A0-41AA-9F08-78D6847D675F}.Debug|Any CPU.Build.0 = Debug|Any CPU
		{2D3166E2-84A0-41AA-9F08-78D6847D675F}.Release|Any CPU.ActiveCfg = Release|Any CPU
		{2D3166E2-84A0-41AA-9F08-78D6847D675F}.Release|Any CPU.Build.0 = Release|Any CPU
	EndGlobalSection
	GlobalSection(SolutionProperties) = preSolution
		HideSolutionNode = FALSE
	EndGlobalSection
	GlobalSection(ExtensibilityGlobals) = postSolution
		SolutionGuid = {F265A786-1DE3-4759-A22A-224877B91A29}
	EndGlobalSection
EndGlobal
